
Microsoft Visual Studio Solution File, Format Version 12.00
# Visual Studio Version 17
VisualStudioVersion = 17.5.002.0
MinimumVisualStudioVersion = 10.0.40219.1
Project("{9A19103F-16F7-4668-BE54-9A1E7A4F7556}") = "Lab04_Ex01", "Lab04_Ex01\Lab04_Ex01.csproj", "{BDA801B8-8625-4542-B759-DB79F35ADDA1}"
EndProject
Global
	GlobalSection(SolutionConfigurationPlatforms) = preSolution
		Debug|Any CPU = Debug|Any CPU
		Release|Any CPU = Release|Any CPU
	EndGlobalSection
	GlobalSection(ProjectConfigurationPlatforms) = postSolution
		{BDA801B8-8625-4542-B759-DB79F35ADDA1}.Debug|Any CPU.ActiveCfg = Debug|Any CPU
		{BDA801B8-8625-4542-B759-DB79F35ADDA1}.Debug|Any CPU.Build.0 = Debug|Any CPU
		{BDA801B8-8625-4542-B759-DB79F35ADDA1}.Release|Any CPU.ActiveCfg = Release|Any CPU
		{BDA801B8-8625-4542-B759-DB79F35ADDA1}.Release|Any CPU.Build.0 = Release|Any CPU
	EndGlobalSection
	GlobalSection(SolutionProperties) = preSolution
		HideSolutionNode = FALSE
	EndGlobalSection
	GlobalSection(ExtensibilityGlobals) = postSolution
		SolutionGuid = {1DF87148-533B-440C-A8C1-1186F71A5EAC}
	EndGlobalSection
EndGlobal
